# This file is automatically @generated by Cargo.
# It is not intended for manual editing.
version = 3

[[package]]
name = "ab_glyph_rasterizer"
version = "0.1.8"
source = "registry+https://github.com/rust-lang/crates.io-index"
checksum = "c71b1793ee61086797f5c80b6efa2b8ffa6d5dd703f118545808a7f2e27f7046"
dependencies = [
 "libm",
]

[[package]]
name = "autocfg"
version = "1.1.0"
source = "registry+https://github.com/rust-lang/crates.io-index"
checksum = "d468802bab17cbc0cc575e9b053f41e72aa36bfa6b7f55e3529ffa43161b97fa"

[[package]]
name = "bitflags"
version = "1.3.2"
source = "registry+https://github.com/rust-lang/crates.io-index"
checksum = "bef38d45163c2f1dde094a7dfd33ccf595c92905c8f8f4fdc18d06fb1037718a"

[[package]]
name = "bitflags"
version = "2.4.0"
source = "registry+https://github.com/rust-lang/crates.io-index"
checksum = "b4682ae6287fcf752ecaabbfcc7b6f9b72aa33933dc23a554d853aea8eea8635"

[[package]]
name = "coreboot-table"
version = "0.1.6"
source = "git+https://gitlab.redox-os.org/redox-os/coreboot-table.git#e90d498fd419445acc7739676ac659b00f29f349"

[[package]]
name = "downcast-rs"
version = "1.2.0"
source = "registry+https://github.com/rust-lang/crates.io-index"
checksum = "9ea835d29036a4087793836fa931b08837ad5e957da9e23886b29586fb9b6650"

[[package]]
name = "libm"
version = "0.2.8"
source = "registry+https://github.com/rust-lang/crates.io-index"
checksum = "4ec2a862134d2a7d32d7983ddcdd1c4923530833c9f2ea1a44fc5fa473989058"

[[package]]
name = "lock_api"
version = "0.4.10"
source = "registry+https://github.com/rust-lang/crates.io-index"
checksum = "c1cc9717a20b1bb222f333e6a92fd32f7d8a18ddc5a3191a11af45dcbf4dcd16"
dependencies = [
 "autocfg",
 "scopeguard",
]

[[package]]
name = "memoffset"
version = "0.9.0"
source = "registry+https://github.com/rust-lang/crates.io-index"
checksum = "5a634b1c61a95585bd15607c6ab0c4e5b226e695ff2800ba0cdccddf208c406c"
dependencies = [
 "autocfg",
]

[[package]]
name = "num-traits"
version = "0.2.16"
source = "registry+https://github.com/rust-lang/crates.io-index"
checksum = "f30b0abd723be7e2ffca1272140fac1a2f084c77ec3e123c192b66af1ee9e6c2"
dependencies = [
 "autocfg",
]

[[package]]
name = "orbclient"
version = "0.3.46"
source = "registry+https://github.com/rust-lang/crates.io-index"
checksum = "8378ac0dfbd4e7895f2d2c1f1345cab3836910baf3a300b000d04250f0c8428f"
dependencies = [
 "redox_syscall",
]

[[package]]
name = "orbfont"
version = "0.1.12"
source = "registry+https://github.com/rust-lang/crates.io-index"
checksum = "fe433418f793feebe362f5dff3110a5de5a8e55c4605aec75dddc4ec3e708aa1"
dependencies = [
 "num-traits",
 "orbclient",
 "rusttype",
]

[[package]]
name = "owned_ttf_parser"
version = "0.15.2"
source = "registry+https://github.com/rust-lang/crates.io-index"
checksum = "05e6affeb1632d6ff6a23d2cd40ffed138e82f1532571a26f527c8a284bb2fbb"
dependencies = [
 "ttf-parser",
]

[[package]]
name = "plain"
version = "0.2.3"
source = "registry+https://github.com/rust-lang/crates.io-index"
checksum = "b4596b6d070b27117e987119b4dac604f3c58cfb0b191112e24771b2faeac1a6"

[[package]]
name = "redox_dmi"
version = "0.1.6"
source = "registry+https://github.com/rust-lang/crates.io-index"
checksum = "216218af5d41f90d4ed3fd7e136d359fb8ed567f641bb0c61c0e4960c7f7789c"
dependencies = [
 "plain",
]

[[package]]
name = "redox_hwio"
version = "0.1.6"
source = "registry+https://github.com/rust-lang/crates.io-index"
checksum = "8eb516ad341a84372b5b15a5a35cf136ba901a639c8536f521b108253d7fce74"

[[package]]
name = "redox_syscall"
version = "0.3.5"
source = "registry+https://github.com/rust-lang/crates.io-index"
checksum = "567664f262709473930a4bf9e51bf2ebf3348f2e748ccc50dea20646858f8f29"
dependencies = [
 "bitflags 1.3.2",
]

[[package]]
name = "redox_uefi"
version = "0.1.10"
source = "registry+https://github.com/rust-lang/crates.io-index"
checksum = "4143e69d22c9f79fd22cb37859a06af4936741c8ef70b5d6338953717feb68a5"

[[package]]
name = "redox_uefi_alloc"
version = "0.1.10"
source = "registry+https://github.com/rust-lang/crates.io-index"
checksum = "d12654bc506da36550bbd8e77438be985b839afdc98c0956fc7fd10fa9b45022"
dependencies = [
 "redox_uefi",
]

[[package]]
name = "redox_uefi_std"
version = "0.1.10"
source = "registry+https://github.com/rust-lang/crates.io-index"
checksum = "b9dea5dc3b2366e4611520a4983b27aa11f373c86f774eff1fd3f93d040c0ebd"
dependencies = [
 "redox_uefi",
 "redox_uefi_alloc",
]

[[package]]
name = "rusttype"
version = "0.9.3"
source = "registry+https://github.com/rust-lang/crates.io-index"
checksum = "3ff8374aa04134254b7995b63ad3dc41c7f7236f69528b28553da7d72efaa967"
dependencies = [
 "ab_glyph_rasterizer",
 "libm",
 "owned_ttf_parser",
]

[[package]]
name = "scopeguard"
version = "1.2.0"
source = "registry+https://github.com/rust-lang/crates.io-index"
checksum = "94143f37725109f92c262ed2cf5e59bce7498c01bcc1502d7b9afe439a4e9f49"

[[package]]
name = "spin"
version = "0.9.8"
source = "registry+https://github.com/rust-lang/crates.io-index"
checksum = "6980e8d7511241f8acf4aebddbb1ff938df5eebe98691418c4468d0b72a96a67"
dependencies = [
 "lock_api",
]

[[package]]
name = "system76_ectool"
version = "0.3.8"
source = "git+https://github.com/system76/ec.git#166e03972bd26e1e6960f2cd14abe628f94ef411"
dependencies = [
 "downcast-rs",
 "redox_hwio",
]

[[package]]
name = "system76_firmware_setup"
version = "1.0.0"
dependencies = [
 "bitflags 2.4.0",
 "coreboot-table",
 "memoffset",
 "orbclient",
 "orbfont",
 "plain",
 "redox_dmi",
 "redox_hwio",
 "redox_uefi_std",
 "spin",
 "system76_ectool",
]

[[package]]
name = "ttf-parser"
version = "0.15.2"
source = "registry+https://github.com/rust-lang/crates.io-index"
checksum = "7b3e06c9b9d80ed6b745c7159c40b311ad2916abb34a49e9be2653b90db0d8dd"
