# This file is automatically @generated by Cargo.
# It is not intended for manual editing.
version = 4

[[package]]
name = "ab_glyph_rasterizer"
version = "0.1.10"
source = "registry+https://github.com/rust-lang/crates.io-index"
checksum = "366ffbaa4442f4684d91e2cd7c5ea7c4ed8add41959a31447066e279e432b618"
dependencies = [
 "libm",
]

[[package]]
name = "autocfg"
version = "1.5.1"
source = "registry+https://github.com/rust-lang/crates.io-index"
checksum = "f2032f911046de80f0a198e0901378627c33f59ea0ac00e363d481118bd70a53"

[[package]]
name = "bitflags"
version = "2.13.1"
source = "registry+https://github.com/rust-lang/crates.io-index"
checksum = "b588b76d00fde79687d7646a9b5bdf3cc0f655e0bbd080335a95d7e96f3587da"

[[package]]
name = "downcast-rs"
version = "2.0.2"
source = "registry+https://github.com/rust-lang/crates.io-index"
checksum = "117240f60069e65410b3ae1bb213295bd828f707b5bec6596a1afc8793ce0cbc"

[[package]]
name = "libc"
version = "0.2.189"
source = "registry+https://github.com/rust-lang/crates.io-index"
checksum = "3eaf3ede3fee6db1a4c2ee091bf8a8b4dccdc6d17f656fb07896ee72867612f2"

[[package]]
name = "libm"
version = "0.2.16"
source = "registry+https://github.com/rust-lang/crates.io-index"
checksum = "b6d2cec3eae94f9f509c767b45932f1ada8350c4bdb85af2fcab4a3c14807981"

[[package]]
name = "libredox"
version = "0.1.19"
source = "registry+https://github.com/rust-lang/crates.io-index"
checksum = "2026a5056764a10b2bf5d56488cba40da507f5493a6a429340e2004d9ed085fa"
dependencies = [
 "bitflags",
 "libc",
 "plain",
 "redox_syscall",
]

[[package]]
name = "num-traits"
version = "0.2.19"
source = "registry+https://github.com/rust-lang/crates.io-index"
checksum = "071dfc062690e90b734c0b2273ce72ad0ffa95f0c74596bc250dcfd960262841"
dependencies = [
 "autocfg",
]

[[package]]
name = "orbclient"
version = "0.3.51"
source = "registry+https://github.com/rust-lang/crates.io-index"
checksum = "59aed3b33578edcfa1bc96a321d590d31832b6ad55a26f0313362ce687e9abd6"
dependencies = [
 "libc",
 "libredox",
]

[[package]]
name = "orbfont"
version = "0.1.12"
source = "registry+https://github.com/rust-lang/crates.io-index"
checksum = "fe433418f793feebe362f5dff3110a5de5a8e55c4605aec75dddc4ec3e708aa1"
dependencies = [
 "num-traits",
 "orbclient",
 "rusttype",
]

[[package]]
name = "owned_ttf_parser"
version = "0.15.2"
source = "registry+https://github.com/rust-lang/crates.io-index"
checksum = "05e6affeb1632d6ff6a23d2cd40ffed138e82f1532571a26f527c8a284bb2fbb"
dependencies = [
 "ttf-parser",
]

[[package]]
name = "plain"
version = "0.2.3"
source = "registry+https://github.com/rust-lang/crates.io-index"
checksum = "b4596b6d070b27117e987119b4dac604f3c58cfb0b191112e24771b2faeac1a6"

[[package]]
name = "redox_hwio"
version = "0.1.6"
source = "registry+https://github.com/rust-lang/crates.io-index"
checksum = "8eb516ad341a84372b5b15a5a35cf136ba901a639c8536f521b108253d7fce74"

[[package]]
name = "redox_syscall"
version = "0.9.1"
source = "registry+https://github.com/rust-lang/crates.io-index"
checksum = "07507be7b4a5f9f26eeb41eeaebb1f5a7ff29dfb29739facc21d35bf8b11c21e"
dependencies = [
 "bitflags",
]

[[package]]
name = "redox_uefi"
version = "0.1.14"
source = "registry+https://github.com/rust-lang/crates.io-index"
checksum = "2e8148374036fd1a1f4d1184c4380dfdf1e7bbe2c43b3aa23a5358521c32c902"

[[package]]
name = "redox_uefi_alloc"
version = "0.1.14"
source = "registry+https://github.com/rust-lang/crates.io-index"
checksum = "389b000bcb58fb4c5fc27092ed94d1fcc96ae1f88a458c792d2c2a6c29aeb249"
dependencies = [
 "redox_uefi",
]

[[package]]
name = "redox_uefi_std"
version = "0.1.14"
source = "registry+https://github.com/rust-lang/crates.io-index"
checksum = "d7adba90fc68496a02cadacccff2f147830e74daace826df5eacce2a5b8ffcd3"
dependencies = [
 "redox_uefi",
 "redox_uefi_alloc",
]

[[package]]
name = "rusttype"
version = "0.9.3"
source = "registry+https://github.com/rust-lang/crates.io-index"
checksum = "3ff8374aa04134254b7995b63ad3dc41c7f7236f69528b28553da7d72efaa967"
dependencies = [
 "ab_glyph_rasterizer",
 "libm",
 "owned_ttf_parser",
]

[[package]]
name = "system76_ectool"
version = "0.3.8"
source = "git+https://github.com/system76/ec.git#ef05e145d554f4a4862258f582bbc309853ac606"
dependencies = [
 "downcast-rs",
 "redox_hwio",
]

[[package]]
name = "system76_firmware_setup"
version = "1.0.0"
dependencies = [
 "bitflags",
 "orbclient",
 "orbfont",
 "redox_uefi_std",
 "system76_ectool",
]

[[package]]
name = "ttf-parser"
version = "0.15.2"
source = "registry+https://github.com/rust-lang/crates.io-index"
checksum = "7b3e06c9b9d80ed6b745c7159c40b311ad2916abb34a49e9be2653b90db0d8dd"
